// !$*UTF8*$!
{
	archiveVersion = 1;
	classes = {
	};
	objectVersion = 46;
	objects = {

/* Begin PBXBuildFile section */
		2E8FDE4E1BB8132800EDA6AF /* AppDelegate.swift in Sources */ = {isa = PBXBuildFile; fileRef = 2E8FDE4D1BB8132800EDA6AF /* AppDelegate.swift */; };
		2E8FDE501BB8132800EDA6AF /* ViewController.swift in Sources */ = {isa = PBXBuildFile; fileRef = 2E8FDE4F1BB8132800EDA6AF /* ViewController.swift */; };
		2E8FDE531BB8132800EDA6AF /* Main.storyboard in Resources */ = {isa = PBXBuildFile; fileRef = 2E8FDE511BB8132800EDA6AF /* Main.storyboard */; };
		2E8FDE551BB8132800EDA6AF /* Assets.xcassets in Resources */ = {isa = PBXBuildFile; fileRef = 2E8FDE541BB8132800EDA6AF /* Assets.xcassets */; };
		2E8FDE581BB8132800EDA6AF /* LaunchScreen.storyboard in Resources */ = {isa = PBXBuildFile; fileRef = 2E8FDE561BB8132800EDA6AF /* LaunchScreen.storyboard */; };
		2E8FDE631BB8132800EDA6AF /* FoodPinTests.swift in Sources */ = {isa = PBXBuildFile; fileRef = 2E8FDE621BB8132800EDA6AF /* FoodPinTests.swift */; };
		2E8FDE6E1BB8132800EDA6AF /* FoodPinUITests.swift in Sources */ = {isa = PBXBuildFile; fileRef = 2E8FDE6D1BB8132800EDA6AF /* FoodPinUITests.swift */; };
/* End PBXBuildFile section */

/* Begin PBXContainerItemProxy section */
		2E8FDE5F1BB8132800EDA6AF /* PBXContainerItemProxy */ = {
			isa = PBXContainerItemProxy;
			containerPortal = 2E8FDE421BB8132800EDA6AF /* Project object */;
			proxyType = 1;
			remoteGlobalIDString = 2E8FDE491BB8132800EDA6AF;
			remoteInfo = FoodPin;
		};
		2E8FDE6A1BB8132800EDA6AF /* PBXContainerItemProxy */ = {
			isa = PBXContainerItemProxy;
			containerPortal = 2E8FDE421BB8132800EDA6AF /* Project object */;
			proxyType = 1;
			remoteGlobalIDString = 2E8FDE491BB8132800EDA6AF;
			remoteInfo = FoodPin;
		};
/* End PBXContainerItemProxy section */

/* Begin PBXFileReference section */
		2E8FDE4A1BB8132800EDA6AF /* FoodPin.app */ = {isa = PBXFileReference; explicitFileType = wrapper.application; includeInIndex = 0; path = FoodPin.app; sourceTree = BUILT_PRODUCTS_DIR; };
		2E8FDE4D1BB8132800EDA6AF /* AppDelegate.swift */ = {isa = PBXFileReference; lastKnownFileType = sourcecode.swift; path = AppDelegate.swift; sourceTree = "<group>"; };
		2E8FDE4F1BB8132800EDA6AF /* ViewController.swift */ = {isa = PBXFileReference; lastKnownFileType = sourcecode.swift; path = ViewController.swift; sourceTree = "<group>"; };
		2E8FDE521BB8132800EDA6AF /* Base */ = {isa = PBXFileReference; lastKnownFileType = file.storyboard; name = Base; path = Base.lproj/Main.storyboard; sourceTree = "<group>"; };
		2E8FDE541BB8132800EDA6AF /* Assets.xcassets */ = {isa = PBXFileReference; lastKnownFileType = folder.assetcatalog; path = Assets.xcassets; sourceTree = "<group>"; };
		2E8FDE571BB8132800EDA6AF /* Base */ = {isa = PBXFileReference; lastKnownFileType = file.storyboard; name = Base; path = Base.lproj/LaunchScreen.storyboard; sourceTree = "<group>"; };
		2E8FDE591BB8132800EDA6AF /* Info.plist */ = {isa = PBXFileReference; lastKnownFileType = text.plist.xml; path = Info.plist; sourceTree = "<group>"; };
		2E8FDE5E1BB8132800EDA6AF /* FoodPinTests.xctest */ = {isa = PBXFileReference; explicitFileType = wrapper.cfbundle; includeInIndex = 0; path = FoodPinTests.xctest; sourceTree = BUILT_PRODUCTS_DIR; };
		2E8FDE621BB8132800EDA6AF /* FoodPinTests.swift */ = {isa = PBXFileReference; lastKnownFileType = sourcecode.swift; path = FoodPinTests.swift; sourceTree = "<group>"; };
		2E8FDE641BB8132800EDA6AF /* Info.plist */ = {isa = PBXFileReference; lastKnownFileType = text.plist.xml; path = Info.plist; sourceTree = "<group>"; };
		2E8FDE691BB8132800EDA6AF /* FoodPinUITests.xctest */ = {isa = PBXFileReference; explicitFileType = wrapper.cfbundle; includeInIndex = 0; path = FoodPinUITests.xctest; sourceTree = BUILT_PRODUCTS_DIR; };
		2E8FDE6D1BB8132800EDA6AF /* FoodPinUITests.swift */ = {isa = PBXFileReference; lastKnownFileType = sourcecode.swift; path = FoodPinUITests.swift; sourceTree = "<group>"; };
		2E8FDE6F1BB8132800EDA6AF /* Info.plist */ = {isa = PBXFileReference; lastKnownFileType = text.plist.xml; path = Info.plist; sourceTree = "<group>"; };
/* End PBXFileReference section */

/* Begin PBXFrameworksBuildPhase section */
		2E8FDE471BB8132800EDA6AF /* Frameworks */ = {
			isa = PBXFrameworksBuildPhase;
			buildActionMask = 2147483647;
			files = (
			);
			runOnlyForDeploymentPostprocessing = 0;
		};
		2E8FDE5B1BB8132800EDA6AF /* Frameworks */ = {
			isa = PBXFrameworksBuildPhase;
			buildActionMask = 2147483647;
			files = (
			);
			runOnlyForDeploymentPostprocessing = 0;
		};
		2E8FDE661BB8132800EDA6AF /* Frameworks */ = {
			isa = PBXFrameworksBuildPhase;
			buildActionMask = 2147483647;
			files = (
			);
			runOnlyForDeploymentPostprocessing = 0;
		};
/* End PBXFrameworksBuildPhase section */

/* Begin PBXGroup section */
		2E8FDE411BB8132800EDA6AF = {
			isa = PBXGroup;
			children = (
				2E8FDE4C1BB8132800EDA6AF /* FoodPin */,
				2E8FDE611BB8132800EDA6AF /* FoodPinTests */,
				2E8FDE6C1BB8132800EDA6AF /* FoodPinUITests */,
				2E8FDE4B1BB8132800EDA6AF /* Products */,
			);
			sourceTree = "<group>";
		};
		2E8FDE4B1BB8132800EDA6AF /* Products */ = {
			isa = PBXGroup;
			children = (
				2E8FDE4A1BB8132800EDA6AF /* FoodPin.app */,
				2E8FDE5E1BB8132800EDA6AF /* FoodPinTests.xctest */,
				2E8FDE691BB8132800EDA6AF /* FoodPinUITests.xctest */,
			);
			name = Products;
			sourceTree = "<group>";
		};
		2E8FDE4C1BB8132800EDA6AF /* FoodPin */ = {
			isa = PBXGroup;
			children = (
				2E8FDE4D1BB8132800EDA6AF /* AppDelegate.swift */,
				2E8FDE4F1BB8132800EDA6AF /* ViewController.swift */,
				2E8FDE511BB8132800EDA6AF /* Main.storyboard */,
				2E8FDE541BB8132800EDA6AF /* Assets.xcassets */,
				2E8FDE561BB8132800EDA6AF /* LaunchScreen.storyboard */,
				2E8FDE591BB8132800EDA6AF /* Info.plist */,
			);
			path = FoodPin;
			sourceTree = "<group>";
		};
		2E8FDE611BB8132800EDA6AF /* FoodPinTests */ = {
			isa = PBXGroup;
			children = (
				2E8FDE621BB8132800EDA6AF /* FoodPinTests.swift */,
				2E8FDE641BB8132800EDA6AF /* Info.plist */,
			);
			path = FoodPinTests;
			sourceTree = "<group>";
		};
		2E8FDE6C1BB8132800EDA6AF /* FoodPinUITests */ = {
			isa = PBXGroup;
			children = (
				2E8FDE6D1BB8132800EDA6AF /* FoodPinUITests.swift */,
				2E8FDE6F1BB8132800EDA6AF /* Info.plist */,
			);
			path = FoodPinUITests;
			sourceTree = "<group>";
		};
/* End PBXGroup section */

/* Begin PBXNativeTarget section */
		2E8FDE491BB8132800EDA6AF /* FoodPin */ = {
			isa = PBXNativeTarget;
			buildConfigurationList = 2E8FDE721BB8132800EDA6AF /* Build configuration list for PBXNativeTarget "FoodPin" */;
			buildPhases = (
				2E8FDE461BB8132800EDA6AF /* Sources */,
				2E8FDE471BB8132800EDA6AF /* Frameworks */,
				2E8FDE481BB8132800EDA6AF /* Resources */,
			);
			buildRules = (
			);
			dependencies = (
			);
			name = FoodPin;
			productName = FoodPin;
			productReference = 2E8FDE4A1BB8132800EDA6AF /* FoodPin.app */;
			productType = "com.apple.product-type.application";
		};
		2E8FDE5D1BB8132800EDA6AF /* FoodPinTests */ = {
			isa = PBXNativeTarget;
			buildConfigurationList = 2E8FDE751BB8132800EDA6AF /* Build configuration list for PBXNativeTarget "FoodPinTests" */;
			buildPhases = (
				2E8FDE5A1BB8132800EDA6AF /* Sources */,
				2E8FDE5B1BB8132800EDA6AF /* Frameworks */,
				2E8FDE5C1BB8132800EDA6AF /* Resources */,
			);
			buildRules = (
			);
			dependencies = (
				2E8FDE601BB8132800EDA6AF /* PBXTargetDependency */,
			);
			name = FoodPinTests;
			productName = FoodPinTests;
			productReference = 2E8FDE5E1BB8132800EDA6AF /* FoodPinTests.xctest */;
			productType = "com.apple.product-type.bundle.unit-test";
		};
		2E8FDE681BB8132800EDA6AF /* FoodPinUITests */ = {
			isa = PBXNativeTarget;
			buildConfigurationList = 2E8FDE781BB8132800EDA6AF /* Build configuration list for PBXNativeTarget "FoodPinUITests" */;
			buildPhases = (
				2E8FDE651BB8132800EDA6AF /* Sources */,
				2E8FDE661BB8132800EDA6AF /* Frameworks */,
				2E8FDE671BB8132800EDA6AF /* Resources */,
			);
			buildRules = (
			);
			dependencies = (
				2E8FDE6B1BB8132800EDA6AF /* PBXTargetDependency */,
			);
			name = FoodPinUITests;
			productName = FoodPinUITests;
			productReference = 2E8FDE691BB8132800EDA6AF /* FoodPinUITests.xctest */;
			productType = "com.apple.product-type.bundle.ui-testing";
		};
/* End PBXNativeTarget section */

/* Begin PBXProject section */
		2E8FDE421BB8132800EDA6AF /* Project object */ = {
			isa = PBXProject;
			attributes = {
				LastUpgradeCheck = 0700;
				ORGANIZATIONNAME = "Yash Trivedi";
				TargetAttributes = {
					2E8FDE491BB8132800EDA6AF = {
						CreatedOnToolsVersion = 7.0;
						DevelopmentTeam = RKKEABE9CR;
					};
					2E8FDE5D1BB8132800EDA6AF = {
						CreatedOnToolsVersion = 7.0;
						DevelopmentTeam = RKKEABE9CR;
						TestTargetID = 2E8FDE491BB8132800EDA6AF;
					};
					2E8FDE681BB8132800EDA6AF = {
						CreatedOnToolsVersion = 7.0;
						DevelopmentTeam = RKKEABE9CR;
						TestTargetID = 2E8FDE491BB8132800EDA6AF;
					};
				};
			};
			buildConfigurationList = 2E8FDE451BB8132800EDA6AF /* Build configuration list for PBXProject "FoodPin" */;
			compatibilityVersion = "Xcode 3.2";
			developmentRegion = English;
			hasScannedForEncodings = 0;
			knownRegions = (
				en,
				Base,
			);
			mainGroup = 2E8FDE411BB8132800EDA6AF;
			productRefGroup = 2E8FDE4B1BB8132800EDA6AF /* Products */;
			projectDirPath = "";
			projectRoot = "";
			targets = (
				2E8FDE491BB8132800EDA6AF /* FoodPin */,
				2E8FDE5D1BB8132800EDA6AF /* FoodPinTests */,
				2E8FDE681BB8132800EDA6AF /* FoodPinUITests */,
			);
		};
/* End PBXProject section */

/* Begin PBXResourcesBuildPhase section */
		2E8FDE481BB8132800EDA6AF /* Resources */ = {
			isa = PBXResourcesBuildPhase;
			buildActionMask = 2147483647;
			files = (
				2E8FDE581BB8132800EDA6AF /* LaunchScreen.storyboard in Resources */,
				2E8FDE551BB8132800EDA6AF /* Assets.xcassets in Resources */,
				2E8FDE531BB8132800EDA6AF /* Main.storyboard in Resources */,
			);
			runOnlyForDeploymentPostprocessing = 0;
		};
		2E8FDE5C1BB8132800EDA6AF /* Resources */ = {
			isa = PBXResourcesBuildPhase;
			buildActionMask = 2147483647;
			files = (
			);
			runOnlyForDeploymentPostprocessing = 0;
		};
		2E8FDE671BB8132800EDA6AF /* Resources */ = {
			isa = PBXResourcesBuildPhase;
			buildActionMask = 2147483647;
			files = (
			);
			runOnlyForDeploymentPostprocessing = 0;
		};
/* End PBXResourcesBuildPhase section */

/* Begin PBXSourcesBuildPhase section */
		2E8FDE461BB8132800EDA6AF /* Sources */ = {
			isa = PBXSourcesBuildPhase;
			buildActionMask = 2147483647;
			files = (
				2E8FDE501BB8132800EDA6AF /* ViewController.swift in Sources */,
				2E8FDE4E1BB8132800EDA6AF /* AppDelegate.swift in Sources */,
			);
			runOnlyForDeploymentPostprocessing = 0;
		};
		2E8FDE5A1BB8132800EDA6AF /* Sources */ = {
			isa = PBXSourcesBuildPhase;
			buildActionMask = 2147483647;
			files = (
				2E8FDE631BB8132800EDA6AF /* FoodPinTests.swift in Sources */,
			);
			runOnlyForDeploymentPostprocessing = 0;
		};
		2E8FDE651BB8132800EDA6AF /* Sources */ = {
			isa = PBXSourcesBuildPhase;
			buildActionMask = 2147483647;
			files = (
				2E8FDE6E1BB8132800EDA6AF /* FoodPinUITests.swift in Sources */,
			);
			runOnlyForDeploymentPostprocessing = 0;
		};
/* End PBXSourcesBuildPhase section */

/* Begin PBXTargetDependency section */
		2E8FDE601BB8132800EDA6AF /* PBXTargetDependency */ = {
			isa = PBXTargetDependency;
			target = 2E8FDE491BB8132800EDA6AF /* FoodPin */;
			targetProxy = 2E8FDE5F1BB8132800EDA6AF /* PBXContainerItemProxy */;
		};
		2E8FDE6B1BB8132800EDA6AF /* PBXTargetDependency */ = {
			isa = PBXTargetDependency;
			target = 2E8FDE491BB8132800EDA6AF /* FoodPin */;
			targetProxy = 2E8FDE6A1BB8132800EDA6AF /* PBXContainerItemProxy */;
		};
/* End PBXTargetDependency section */

/* Begin PBXVariantGroup section */
		2E8FDE511BB8132800EDA6AF /* Main.storyboard */ = {
			isa = PBXVariantGroup;
			children = (
				2E8FDE521BB8132800EDA6AF /* Base */,
			);
			name = Main.storyboard;
			sourceTree = "<group>";
		};
		2E8FDE561BB8132800EDA6AF /* LaunchScreen.storyboard */ = {
			isa = PBXVariantGroup;
			children = (
				2E8FDE571BB8132800EDA6AF /* Base */,
			);
			name = LaunchScreen.storyboard;
			sourceTree = "<group>";
		};
/* End PBXVariantGroup section */

/* Begin XCBuildConfiguration section */
		2E8FDE701BB8132800EDA6AF /* Debug */ = {
			isa = XCBuildConfiguration;
			buildSettings = {
				ALWAYS_SEARCH_USER_PATHS = NO;
				CLANG_CXX_LANGUAGE_STANDARD = "gnu++0x";
				CLANG_CXX_LIBRARY = "libc++";
				CLANG_ENABLE_MODULES = YES;
				CLANG_ENABLE_OBJC_ARC = YES;
				CLANG_WARN_BOOL_CONVERSION = YES;
				CLANG_WARN_CONSTANT_CONVERSION = YES;
				CLANG_WARN_DIRECT_OBJC_ISA_USAGE = YES_ERROR;
				CLANG_WARN_EMPTY_BODY = YES;
				CLANG_WARN_ENUM_CONVERSION = YES;
				CLANG_WARN_INT_CONVERSION = YES;
				CLANG_WARN_OBJC_ROOT_CLASS = YES_ERROR;
				CLANG_WARN_UNREACHABLE_CODE = YES;
				CLANG_WARN__DUPLICATE_METHOD_MATCH = YES;
				"CODE_SIGN_IDENTITY[sdk=iphoneos*]" = "iPhone Developer";
				COPY_PHASE_STRIP = NO;
				DEBUG_INFORMATION_FORMAT = dwarf;
				ENABLE_STRICT_OBJC_MSGSEND = YES;
				ENABLE_TESTABILITY = YES;
				GCC_C_LANGUAGE_STANDARD = gnu99;
				GCC_DYNAMIC_NO_PIC = NO;
				GCC_NO_COMMON_BLOCKS = YES;
				GCC_OPTIMIZATION_LEVEL = 0;
				GCC_PREPROCESSOR_DEFINITIONS = (
					"DEBUG=1",
					"$(inherited)",
				);
				GCC_WARN_64_TO_32_BIT_CONVERSION = YES;
				GCC_WARN_ABOUT_RETURN_TYPE = YES_ERROR;
				GCC_WARN_UNDECLARED_SELECTOR = YES;
				GCC_WARN_UNINITIALIZED_AUTOS = YES_AGGRESSIVE;
				GCC_WARN_UNUSED_FUNCTION = YES;
				GCC_WARN_UNUSED_VARIABLE = YES;
				IPHONEOS_DEPLOYMENT_TARGET = 9.0;
				MTL_ENABLE_DEBUG_INFO = YES;
				ONLY_ACTIVE_ARCH = YES;
				SDKROOT = iphoneos;
				SWIFT_OPTIMIZATION_LEVEL = "-Onone";
			};
			name = Debug;
		};
		2E8FDE711BB8132800EDA6AF /* Release */ = {
			isa = XCBuildConfiguration;
			buildSettings = {
				ALWAYS_SEARCH_USER_PATHS = NO;
				CLANG_CXX_LANGUAGE_STANDARD = "gnu++0x";
				CLANG_CXX_LIBRARY = "libc++";
				CLANG_ENABLE_MODULES = YES;
				CLANG_ENABLE_OBJC_ARC = YES;
				CLANG_WARN_BOOL_CONVERSION = YES;
				CLANG_WARN_CONSTANT_CONVERSION = YES;
				CLANG_WARN_DIRECT_OBJC_ISA_USAGE = YES_ERROR;
				CLANG_WARN_EMPTY_BODY = YES;
				CLANG_WARN_ENUM_CONVERSION = YES;
				CLANG_WARN_INT_CONVERSION = YES;
				CLANG_WARN_OBJC_ROOT_CLASS = YES_ERROR;
				CLANG_WARN_UNREACHABLE_CODE = YES;
				CLANG_WARN__DUPLICATE_METHOD_MATCH = YES;
				"CODE_SIGN_IDENTITY[sdk=iphoneos*]" = "iPhone Developer";
				COPY_PHASE_STRIP = NO;
				DEBUG_INFORMATION_FORMAT = "dwarf-with-dsym";
				ENABLE_NS_ASSERTIONS = NO;
				ENABLE_STRICT_OBJC_MSGSEND = YES;
				GCC_C_LANGUAGE_STANDARD = gnu99;
				GCC_NO_COMMON_BLOCKS = YES;
				GCC_WARN_64_TO_32_BIT_CONVERSION = YES;
				GCC_WARN_ABOUT_RETURN_TYPE = YES_ERROR;
				GCC_WARN_UNDECLARED_SELECTOR = YES;
				GCC_WARN_UNINITIALIZED_AUTOS = YES_AGGRESSIVE;
				GCC_WARN_UNUSED_FUNCTION = YES;
				GCC_WARN_UNUSED_VARIABLE = YES;
				IPHONEOS_DEPLOYMENT_TARGET = 9.0;
				MTL_ENABLE_DEBUG_INFO = NO;
				SDKROOT = iphoneos;
				VALIDATE_PRODUCT = YES;
			};
			name = Release;
		};
		2E8FDE731BB8132800EDA6AF /* Debug */ = {
			isa = XCBuildConfiguration;
			buildSettings = {
				ASSETCATALOG_COMPILER_APPICON_NAME = AppIcon;
				INFOPLIST_FILE = FoodPin/Info.plist;
				LD_RUNPATH_SEARCH_PATHS = "$(inherited) @executable_path/Frameworks";
				PRODUCT_BUNDLE_IDENTIFIER = me.yashtrivedi.FoodPin;
				PRODUCT_NAME = "$(TARGET_NAME)";
			};
			name = Debug;
		};
		2E8FDE741BB8132800EDA6AF /* Release */ = {
			isa = XCBuildConfiguration;
			buildSettings = {
				ASSETCATALOG_COMPILER_APPICON_NAME = AppIcon;
				INFOPLIST_FILE = FoodPin/Info.plist;
				LD_RUNPATH_SEARCH_PATHS = "$(inherited) @executable_path/Frameworks";
				PRODUCT_BUNDLE_IDENTIFIER = me.yashtrivedi.FoodPin;
				PRODUCT_NAME = "$(TARGET_NAME)";
			};
			name = Release;
		};
		2E8FDE761BB8132800EDA6AF /* Debug */ = {
			isa = XCBuildConfiguration;
			buildSettings = {
				BUNDLE_LOADER = "$(TEST_HOST)";
				INFOPLIST_FILE = FoodPinTests/Info.plist;
				LD_RUNPATH_SEARCH_PATHS = "$(inherited) @executable_path/Frameworks @loader_path/Frameworks";
				PRODUCT_BUNDLE_IDENTIFIER = me.yashtrivedi.FoodPinTests;
				PRODUCT_NAME = "$(TARGET_NAME)";
				TEST_HOST = "$(BUILT_PRODUCTS_DIR)/FoodPin.app/FoodPin";
			};
			name = Debug;
		};
		2E8FDE771BB8132800EDA6AF /* Release */ = {
			isa = XCBuildConfiguration;
			buildSettings = {
				BUNDLE_LOADER = "$(TEST_HOST)";
				INFOPLIST_FILE = FoodPinTests/Info.plist;
				LD_RUNPATH_SEARCH_PATHS = "$(inherited) @executable_path/Frameworks @loader_path/Frameworks";
				PRODUCT_BUNDLE_IDENTIFIER = me.yashtrivedi.FoodPinTests;
				PRODUCT_NAME = "$(TARGET_NAME)";
				TEST_HOST = "$(BUILT_PRODUCTS_DIR)/FoodPin.app/FoodPin";
			};
			name = Release;
		};
		2E8FDE791BB8132800EDA6AF /* Debug */ = {
			isa = XCBuildConfiguration;
			buildSettings = {
				INFOPLIST_FILE = FoodPinUITests/Info.plist;
				LD_RUNPATH_SEARCH_PATHS = "$(inherited) @executable_path/Frameworks @loader_path/Frameworks";
				PRODUCT_BUNDLE_IDENTIFIER = me.yashtrivedi.FoodPinUITests;
				PRODUCT_NAME = "$(TARGET_NAME)";
				TEST_TARGET_NAME = FoodPin;
				USES_XCTRUNNER = YES;
			};
			name = Debug;
		};
		2E8FDE7A1BB8132800EDA6AF /* Release */ = {
			isa = XCBuildConfiguration;
			buildSettings = {
				INFOPLIST_FILE = FoodPinUITests/Info.plist;
				LD_RUNPATH_SEARCH_PATHS = "$(inherited) @executable_path/Frameworks @loader_path/Frameworks";
				PRODUCT_BUNDLE_IDENTIFIER = me.yashtrivedi.FoodPinUITests;
				PRODUCT_NAME = "$(TARGET_NAME)";
				TEST_TARGET_NAME = FoodPin;
				USES_XCTRUNNER = YES;
			};
			name = Release;
		};
/* End XCBuildConfiguration section */

/* Begin XCConfigurationList section */
		2E8FDE451BB8132800EDA6AF /* Build configuration list for PBXProject "FoodPin" */ = {
			isa = XCConfigurationList;
			buildConfigurations = (
				2E8FDE701BB8132800EDA6AF /* Debug */,
				2E8FDE711BB8132800EDA6AF /* Release */,
			);
			defaultConfigurationIsVisible = 0;
			defaultConfigurationName = Release;
		};
		2E8FDE721BB8132800EDA6AF /* Build configuration list for PBXNativeTarget "FoodPin" */ = {
			isa = XCConfigurationList;
			buildConfigurations = (
				2E8FDE731BB8132800EDA6AF /* Debug */,
				2E8FDE741BB8132800EDA6AF /* Release */,
			);
			defaultConfigurationIsVisible = 0;
		};
		2E8FDE751BB8132800EDA6AF /* Build configuration list for PBXNativeTarget "FoodPinTests" */ = {
			isa = XCConfigurationList;
			buildConfigurations = (
				2E8FDE761BB8132800EDA6AF /* Debug */,
				2E8FDE771BB8132800EDA6AF /* Release */,
			);
			defaultConfigurationIsVisible = 0;
		};
		2E8FDE781BB8132800EDA6AF /* Build configuration list for PBXNativeTarget "FoodPinUITests" */ = {
			isa = XCConfigurationList;
			buildConfigurations = (
				2E8FDE791BB8132800EDA6AF /* Debug */,
				2E8FDE7A1BB8132800EDA6AF /* Release */,
			);
			defaultConfigurationIsVisible = 0;
		};
/* End XCConfigurationList section */
	};
	rootObject = 2E8FDE421BB8132800EDA6AF /* Project object */;
}
